# THIS IS AN AUTOGENERATED FILE. DO NOT EDIT THIS FILE DIRECTLY.
# yarn lockfile v1


bootstrap-select@^1.12.4:
  version "1.13.1"
  resolved "https://registry.yarnpkg.com/bootstrap-select/-/bootstrap-select-1.13.1.tgz#f59c02926fb5ac6356b9d1cdbc5384c2f013d9ba"

bootstrap@3.3.7, bootstrap@^3.3:
  version "3.3.7"
  resolved "https://registry.yarnpkg.com/bootstrap/-/bootstrap-3.3.7.tgz#5a389394549f23330875a3b150656574f8a9eb71"

eonasdan-bootstrap-datetimepicker@^4.17.47:
  version "4.17.47"
  resolved "https://registry.yarnpkg.com/eonasdan-bootstrap-datetimepicker/-/eonasdan-bootstrap-datetimepicker-4.17.47.tgz#7a49970044065276e7965efd16f822735219e735"
  dependencies:
    bootstrap "^3.3"
    jquery "^1.8.3 || ^2.0 || ^3.0"
    moment "^2.10"
    moment-timezone "^0.4.0"

html5shiv@^3.7.3:
  version "3.7.3"
  resolved "https://registry.yarnpkg.com/html5shiv/-/html5shiv-3.7.3.tgz#d78a84a367bcb9a710100d57802c387b084631d2"

jquery-mousewheel@>=3.0.6:
  version "3.1.13"
  resolved "https://registry.yarnpkg.com/jquery-mousewheel/-/jquery-mousewheel-3.1.13.tgz#06f0335f16e353a695e7206bf50503cb523a6ee5"

jquery@>=1.12.0, "jquery@^1.8.3 || ^2.0 || ^3.0", jquery@^3.3.1:
  version "3.3.1"
  resolved "https://registry.yarnpkg.com/jquery/-/jquery-3.3.1.tgz#958ce29e81c9790f31be7792df5d4d95fc57fbca"

malihu-custom-scrollbar-plugin@^3.1.5:
  version "3.1.5"
  resolved "https://registry.yarnpkg.com/malihu-custom-scrollbar-plugin/-/malihu-custom-scrollbar-plugin-3.1.5.tgz#310cecc5e59415a1c29e9dfb5d2b6e01d66a29ef"
  dependencies:
    jquery-mousewheel ">=3.0.6"

material-design-iconic-font@^2.2.0:
  version "2.2.0"
  resolved "https://registry.yarnpkg.com/material-design-iconic-font/-/material-design-iconic-font-2.2.0.tgz#66c3b1c880ef0cb87c02ca2a0f900ff0fe7f480d"

metismenu@^2.7.4:
  version "2.7.7"
  resolved "https://registry.yarnpkg.com/metismenu/-/metismenu-2.7.7.tgz#a4b3707dd66f6f52410b182d3ac16b0402493bfa"
  dependencies:
    jquery "^3.3.1"

moment-timezone@0.4.0:
  version "0.4.0"
  resolved "https://registry.yarnpkg.com/moment-timezone/-/moment-timezone-0.4.0.tgz#571ec43f5d2fb70ddb601c7d23b284e2f63ddab4"
  dependencies:
    moment ">= 2.6.0"

moment-timezone@^0.4.0:
  version "0.4.1"
  resolved "https://registry.yarnpkg.com/moment-timezone/-/moment-timezone-0.4.1.tgz#81f598c3ad5e22cdad796b67ecd8d88d0f5baa06"
  dependencies:
    moment ">= 2.6.0"

"moment@>= 2.6.0", moment@^2.10, moment@^2.29.2:
  version "2.29.2"
  resolved "https://registry.yarnpkg.com/moment/-/moment-2.29.2.tgz#00910c60b20843bcba52d37d58c628b47b1f20e4"

node-waves@^0.7.6:
  version "0.7.6"
  resolved "https://registry.yarnpkg.com/node-waves/-/node-waves-0.7.6.tgz#f04890961925e8daab875daa97d154734e7735ff"

nouislider@^11.1.0:
  version "11.1.0"
  resolved "https://registry.yarnpkg.com/nouislider/-/nouislider-11.1.0.tgz#1768eb5b854917325d41b96f2dc4eb3757d73381"

respondjs@^0.3.0:
  version "0.3.0"
  resolved "https://registry.yarnpkg.com/respondjs/-/respondjs-0.3.0.tgz#a784b670df0f5802f5075a84bb495781f2994fba"

toastr@^2.1.4:
  version "2.1.4"
  resolved "https://registry.yarnpkg.com/toastr/-/toastr-2.1.4.tgz#8b43be64fb9d0c414871446f2db8e8ca4e95f181"
  dependencies:
    jquery ">=1.12.0"

underscore@^1.8.3:
  version "1.9.1"
  resolved "https://registry.yarnpkg.com/underscore/-/underscore-1.9.1.tgz#06dce34a0e68a7babc29b365b8e74b8925203961"
